
Microsoft Visual Studio Solution File, Format Version 12.00
# Visual Studio Version 16
VisualStudioVersion = 16.0.32002.261
MinimumVisualStudioVersion = 10.0.40219.1
Project("{8BC9CEB8-8B4A-11D0-8D11-00A0C91BC942}") = "Selection Sort", "Selection Sort\Selection Sort.vcxproj", "{462E6C70-7CE0-476B-B770-D3671D38923F}"
EndProject
Global
	GlobalSection(SolutionConfigurationPlatforms) = preSolution
		Debug|x64 = Debug|x64
		Debug|x86 = Debug|x86
		Release|x64 = Release|x64
		Release|x86 = Release|x86
	EndGlobalSection
	GlobalSection(ProjectConfigurationPlatforms) = postSolution
		{462E6C70-7CE0-476B-B770-D3671D38923F}.Debug|x64.ActiveCfg = Debug|x64
		{462E6C70-7CE0-476B-B770-D3671D38923F}.Debug|x64.Build.0 = Debug|x64
		{462E6C70-7CE0-476B-B770-D3671D38923F}.Debug|x86.ActiveCfg = Debug|Win32
		{462E6C70-7CE0-476B-B770-D3671D38923F}.Debug|x86.Build.0 = Debug|Win32
		{462E6C70-7CE0-476B-B770-D3671D38923F}.Release|x64.ActiveCfg = Release|x64
		{462E6C70-7CE0-476B-B770-D3671D38923F}.Release|x64.Build.0 = Release|x64
		{462E6C70-7CE0-476B-B770-D3671D38923F}.Release|x86.ActiveCfg = Release|Win32
		{462E6C70-7CE0-476B-B770-D3671D38923F}.Release|x86.Build.0 = Release|Win32
	EndGlobalSection
	GlobalSection(SolutionProperties) = preSolution
		HideSolutionNode = FALSE
	EndGlobalSection
	GlobalSection(ExtensibilityGlobals) = postSolution
		SolutionGuid = {9AD6BBA3-3BFF-4FD2-BE7A-71A5D03A17B7}
	EndGlobalSection
EndGlobal
